
Microsoft Visual Studio Solution File, Format Version 12.00
# Visual Studio Version 17
VisualStudioVersion = 17.11.35222.181
MinimumVisualStudioVersion = 10.0.40219.1
Project("{54A90642-561A-4BB1-A94E-469ADEE60C69}") = "rt-ui", "RT-UI\rt-ui.esproj", "{6FD6E1E9-270D-4D07-A454-D64E958116B5}"
EndProject
Global
	GlobalSection(SolutionConfigurationPlatforms) = preSolution
		Debug|Any CPU = Debug|Any CPU
		Release|Any CPU = Release|Any CPU
	EndGlobalSection
	GlobalSection(ProjectConfigurationPlatforms) = postSolution
		{6FD6E1E9-270D-4D07-A454-D64E958116B5}.Debug|Any CPU.ActiveCfg = Debug|Any CPU
		{6FD6E1E9-270D-4D07-A454-D64E958116B5}.Debug|Any CPU.Build.0 = Debug|Any CPU
		{6FD6E1E9-270D-4D07-A454-D64E958116B5}.Debug|Any CPU.Deploy.0 = Debug|Any CPU
		{6FD6E1E9-270D-4D07-A454-D64E958116B5}.Release|Any CPU.ActiveCfg = Release|Any CPU
		{6FD6E1E9-270D-4D07-A454-D64E958116B5}.Release|Any CPU.Build.0 = Release|Any CPU
		{6FD6E1E9-270D-4D07-A454-D64E958116B5}.Release|Any CPU.Deploy.0 = Release|Any CPU
	EndGlobalSection
	GlobalSection(SolutionProperties) = preSolution
		HideSolutionNode = FALSE
	EndGlobalSection
	GlobalSection(ExtensibilityGlobals) = postSolution
		SolutionGuid = {5575D16B-4B3E-48F4-BB3F-9A53FF2CB9D7}
	EndGlobalSection
EndGlobal
